{
  "nodes": {
    "nixpkgs": {
      "locked": {
        "lastModified": 1686243890,
        "narHash": "sha256-b0xgBJeHgFUpL76b41ErFTGRHSaz0Iw7L+uoglOVT8s=",
        "owner": "NixOS",
        "repo": "nixpkgs",
        "rev": "532ea30c52b9562bf3aab2d04b9ccbbcc9ccb1b9",
        "type": "github"
      },
      "original": {
        "owner": "NixOS",
        "repo": "nixpkgs",
        "type": "github"
      }
    },
    "root": {
      "inputs": {
        "nixpkgs": "nixpkgs"
      }
    }
  },
  "root": "root",
  "version": 7
}
